# This file is generated by running "yarn install" inside your project.
# Manual changes might be lost - proceed with caution!

__metadata:
  version: 8
  cacheKey: 10c0

"@anthropic-ai/claude-code@npm:1.0.35":
  version: 1.0.35
  resolution: "@anthropic-ai/claude-code@npm:1.0.35"
  dependencies:
    "@img/sharp-darwin-arm64": "npm:^0.33.5"
    "@img/sharp-darwin-x64": "npm:^0.33.5"
    "@img/sharp-linux-arm": "npm:^0.33.5"
    "@img/sharp-linux-arm64": "npm:^0.33.5"
    "@img/sharp-linux-x64": "npm:^0.33.5"
    "@img/sharp-win32-x64": "npm:^0.33.5"
  dependenciesMeta:
    "@img/sharp-darwin-arm64":
      optional: true
    "@img/sharp-darwin-x64":
      optional: true
    "@img/sharp-linux-arm":
      optional: true
    "@img/sharp-linux-arm64":
      optional: true
    "@img/sharp-linux-x64":
      optional: true
    "@img/sharp-win32-x64":
      optional: true
  bin:
    claude: cli.js
  checksum: 10c0/a0702c32e1a4844b041a9923f33dc4a1c29c9b399dcea6b4355bf973696a1f1b1dc2fe2b9a4501f174c826f3af831344f0870442e72b0015832684bb91829ff9
  languageName: node
  linkType: hard

"@anthropic-ai/sdk@npm:^0.55.0":
  version: 0.55.0
  resolution: "@anthropic-ai/sdk@npm:0.55.0"
  bin:
    anthropic-ai-sdk: bin/cli
  checksum: 10c0/abe78cce60f98d02bedf32432b07bcfcfd41f2223ff5a1186fa89a30709781e4f6a923e490255c4c0901a7b2a927ed8f4473eceafab8d4e1832c887be161cdfb
  languageName: node
  linkType: hard

"@img/sharp-darwin-arm64@npm:^0.33.5":
  version: 0.33.5
  resolution: "@img/sharp-darwin-arm64@npm:0.33.5"
  dependencies:
    "@img/sharp-libvips-darwin-arm64": "npm:1.0.4"
  dependenciesMeta:
    "@img/sharp-libvips-darwin-arm64":
      optional: true
  conditions: os=darwin & cpu=arm64
  languageName: node
  linkType: hard

"@img/sharp-darwin-x64@npm:^0.33.5":
  version: 0.33.5
  resolution: "@img/sharp-darwin-x64@npm:0.33.5"
  dependencies:
    "@img/sharp-libvips-darwin-x64": "npm:1.0.4"
  dependenciesMeta:
    "@img/sharp-libvips-darwin-x64":
      optional: true
  conditions: os=darwin & cpu=x64
  languageName: node
  linkType: hard

"@img/sharp-libvips-darwin-arm64@npm:1.0.4":
  version: 1.0.4
  resolution: "@img/sharp-libvips-darwin-arm64@npm:1.0.4"
  conditions: os=darwin & cpu=arm64
  languageName: node
  linkType: hard

"@img/sharp-libvips-darwin-x64@npm:1.0.4":
  version: 1.0.4
  resolution: "@img/sharp-libvips-darwin-x64@npm:1.0.4"
  conditions: os=darwin & cpu=x64
  languageName: node
  linkType: hard

"@img/sharp-libvips-linux-arm64@npm:1.0.4":
  version: 1.0.4
  resolution: "@img/sharp-libvips-linux-arm64@npm:1.0.4"
  conditions: os=linux & cpu=arm64 & libc=glibc
  languageName: node
  linkType: hard

"@img/sharp-libvips-linux-arm@npm:1.0.5":
  version: 1.0.5
  resolution: "@img/sharp-libvips-linux-arm@npm:1.0.5"
  conditions: os=linux & cpu=arm & libc=glibc
  languageName: node
  linkType: hard

"@img/sharp-libvips-linux-x64@npm:1.0.4":
  version: 1.0.4
  resolution: "@img/sharp-libvips-linux-x64@npm:1.0.4"
  conditions: os=linux & cpu=x64 & libc=glibc
  languageName: node
  linkType: hard

"@img/sharp-linux-arm64@npm:^0.33.5":
  version: 0.33.5
  resolution: "@img/sharp-linux-arm64@npm:0.33.5"
  dependencies:
    "@img/sharp-libvips-linux-arm64": "npm:1.0.4"
  dependenciesMeta:
    "@img/sharp-libvips-linux-arm64":
      optional: true
  conditions: os=linux & cpu=arm64 & libc=glibc
  languageName: node
  linkType: hard

"@img/sharp-linux-arm@npm:^0.33.5":
  version: 0.33.5
  resolution: "@img/sharp-linux-arm@npm:0.33.5"
  dependencies:
    "@img/sharp-libvips-linux-arm": "npm:1.0.5"
  dependenciesMeta:
    "@img/sharp-libvips-linux-arm":
      optional: true
  conditions: os=linux & cpu=arm & libc=glibc
  languageName: node
  linkType: hard

"@img/sharp-linux-x64@npm:^0.33.5":
  version: 0.33.5
  resolution: "@img/sharp-linux-x64@npm:0.33.5"
  dependencies:
    "@img/sharp-libvips-linux-x64": "npm:1.0.4"
  dependenciesMeta:
    "@img/sharp-libvips-linux-x64":
      optional: true
  conditions: os=linux & cpu=x64 & libc=glibc
  languageName: node
  linkType: hard

"@img/sharp-win32-x64@npm:^0.33.5":
  version: 0.33.5
  resolution: "@img/sharp-win32-x64@npm:0.33.5"
  conditions: os=win32 & cpu=x64
  languageName: node
  linkType: hard

"nw_simulator@workspace:.":
  version: 0.0.0-use.local
  resolution: "nw_simulator@workspace:."
  dependencies:
    "@anthropic-ai/claude-code": "npm:1.0.35"
    "@anthropic-ai/sdk": "npm:^0.55.0"
  languageName: unknown
  linkType: soft
